
Microsoft Visual Studio Solution File, Format Version 12.00
# Visual Studio 2013
VisualStudioVersion = 12.0.30723.0
MinimumVisualStudioVersion = 10.0.40219.1
Project("{FAE04EC0-301F-11D3-BF4B-00C04F79EFBC}") = "Test", "Test\Test.csproj", "{1B2740DA-B9C4-4A3D-BC5B-EA4F792E26CA}"
EndProject
Project("{FAE04EC0-301F-11D3-BF4B-00C04F79EFBC}") = "TestApplication", "TestApplication\TestApplication.csproj", "{3999BE9B-3FBB-4A2A-AB98-35D098DE7DBC}"
EndProject
Project("{FAE04EC0-301F-11D3-BF4B-00C04F79EFBC}") = "WP8TestApplication", "WP8TestApplication\WP8TestApplication.csproj", "{7ECD0547-BA44-49D8-9403-9A5E3536E986}"
EndProject
Project("{FAE04EC0-301F-11D3-BF4B-00C04F79EFBC}") = "libphonenumber", "libphonenumber\libphonenumber.csproj", "{B88344AA-D2C2-49F8-92A5-FD4DBA1D70AC}"
EndProject
Global
	GlobalSection(SolutionConfigurationPlatforms) = preSolution
		Debug|Any CPU = Debug|Any CPU
		Debug|ARM = Debug|ARM
		Debug|x86 = Debug|x86
		Release|Any CPU = Release|Any CPU
		Release|ARM = Release|ARM
		Release|x86 = Release|x86
	EndGlobalSection
	GlobalSection(ProjectConfigurationPlatforms) = postSolution
		{1B2740DA-B9C4-4A3D-BC5B-EA4F792E26CA}.Debug|Any CPU.ActiveCfg = Debug|Any CPU
		{1B2740DA-B9C4-4A3D-BC5B-EA4F792E26CA}.Debug|Any CPU.Build.0 = Debug|Any CPU
		{1B2740DA-B9C4-4A3D-BC5B-EA4F792E26CA}.Debug|ARM.ActiveCfg = Debug|Any CPU
		{1B2740DA-B9C4-4A3D-BC5B-EA4F792E26CA}.Debug|x86.ActiveCfg = Debug|Any CPU
		{1B2740DA-B9C4-4A3D-BC5B-EA4F792E26CA}.Release|Any CPU.ActiveCfg = Release|Any CPU
		{1B2740DA-B9C4-4A3D-BC5B-EA4F792E26CA}.Release|Any CPU.Build.0 = Release|Any CPU
		{1B2740DA-B9C4-4A3D-BC5B-EA4F792E26CA}.Release|ARM.ActiveCfg = Release|Any CPU
		{1B2740DA-B9C4-4A3D-BC5B-EA4F792E26CA}.Release|x86.ActiveCfg = Release|Any CPU
		{3999BE9B-3FBB-4A2A-AB98-35D098DE7DBC}.Debug|Any CPU.ActiveCfg = Debug|Any CPU
		{3999BE9B-3FBB-4A2A-AB98-35D098DE7DBC}.Debug|Any CPU.Build.0 = Debug|Any CPU
		{3999BE9B-3FBB-4A2A-AB98-35D098DE7DBC}.Debug|ARM.ActiveCfg = Debug|Any CPU
		{3999BE9B-3FBB-4A2A-AB98-35D098DE7DBC}.Debug|x86.ActiveCfg = Debug|Any CPU
		{3999BE9B-3FBB-4A2A-AB98-35D098DE7DBC}.Release|Any CPU.ActiveCfg = Release|Any CPU
		{3999BE9B-3FBB-4A2A-AB98-35D098DE7DBC}.Release|Any CPU.Build.0 = Release|Any CPU
		{3999BE9B-3FBB-4A2A-AB98-35D098DE7DBC}.Release|ARM.ActiveCfg = Release|Any CPU
		{3999BE9B-3FBB-4A2A-AB98-35D098DE7DBC}.Release|x86.ActiveCfg = Release|Any CPU
		{7ECD0547-BA44-49D8-9403-9A5E3536E986}.Debug|Any CPU.ActiveCfg = Debug|Any CPU
		{7ECD0547-BA44-49D8-9403-9A5E3536E986}.Debug|Any CPU.Build.0 = Debug|Any CPU
		{7ECD0547-BA44-49D8-9403-9A5E3536E986}.Debug|Any CPU.Deploy.0 = Debug|Any CPU
		{7ECD0547-BA44-49D8-9403-9A5E3536E986}.Debug|ARM.ActiveCfg = Debug|ARM
		{7ECD0547-BA44-49D8-9403-9A5E3536E986}.Debug|ARM.Build.0 = Debug|ARM
		{7ECD0547-BA44-49D8-9403-9A5E3536E986}.Debug|ARM.Deploy.0 = Debug|ARM
		{7ECD0547-BA44-49D8-9403-9A5E3536E986}.Debug|x86.ActiveCfg = Debug|x86
		{7ECD0547-BA44-49D8-9403-9A5E3536E986}.Debug|x86.Build.0 = Debug|x86
		{7ECD0547-BA44-49D8-9403-9A5E3536E986}.Debug|x86.Deploy.0 = Debug|x86
		{7ECD0547-BA44-49D8-9403-9A5E3536E986}.Release|Any CPU.ActiveCfg = Release|Any CPU
		{7ECD0547-BA44-49D8-9403-9A5E3536E986}.Release|Any CPU.Build.0 = Release|Any CPU
		{7ECD0547-BA44-49D8-9403-9A5E3536E986}.Release|Any CPU.Deploy.0 = Release|Any CPU
		{7ECD0547-BA44-49D8-9403-9A5E3536E986}.Release|ARM.ActiveCfg = Release|ARM
		{7ECD0547-BA44-49D8-9403-9A5E3536E986}.Release|ARM.Build.0 = Release|ARM
		{7ECD0547-BA44-49D8-9403-9A5E3536E986}.Release|ARM.Deploy.0 = Release|ARM
		{7ECD0547-BA44-49D8-9403-9A5E3536E986}.Release|x86.ActiveCfg = Release|x86
		{7ECD0547-BA44-49D8-9403-9A5E3536E986}.Release|x86.Build.0 = Release|x86
		{7ECD0547-BA44-49D8-9403-9A5E3536E986}.Release|x86.Deploy.0 = Release|x86
		{B88344AA-D2C2-49F8-92A5-FD4DBA1D70AC}.Debug|Any CPU.ActiveCfg = Debug|Any CPU
		{B88344AA-D2C2-49F8-92A5-FD4DBA1D70AC}.Debug|Any CPU.Build.0 = Debug|Any CPU
		{B88344AA-D2C2-49F8-92A5-FD4DBA1D70AC}.Debug|ARM.ActiveCfg = Debug|ARM
		{B88344AA-D2C2-49F8-92A5-FD4DBA1D70AC}.Debug|ARM.Build.0 = Debug|ARM
		{B88344AA-D2C2-49F8-92A5-FD4DBA1D70AC}.Debug|x86.ActiveCfg = Debug|x86
		{B88344AA-D2C2-49F8-92A5-FD4DBA1D70AC}.Debug|x86.Build.0 = Debug|x86
		{B88344AA-D2C2-49F8-92A5-FD4DBA1D70AC}.Release|Any CPU.ActiveCfg = Release|Any CPU
		{B88344AA-D2C2-49F8-92A5-FD4DBA1D70AC}.Release|Any CPU.Build.0 = Release|Any CPU
		{B88344AA-D2C2-49F8-92A5-FD4DBA1D70AC}.Release|ARM.ActiveCfg = Release|ARM
		{B88344AA-D2C2-49F8-92A5-FD4DBA1D70AC}.Release|ARM.Build.0 = Release|ARM
		{B88344AA-D2C2-49F8-92A5-FD4DBA1D70AC}.Release|x86.ActiveCfg = Release|x86
		{B88344AA-D2C2-49F8-92A5-FD4DBA1D70AC}.Release|x86.Build.0 = Release|x86
	EndGlobalSection
	GlobalSection(SolutionProperties) = preSolution
		HideSolutionNode = FALSE
	EndGlobalSection
EndGlobal
